<?xml version="1.0" encoding="utf-8"?>
<Project ToolsVersion="4.0" xmlns="http://schemas.microsoft.com/developer/msbuild/2003">
  <ItemGroup>
    <Filter Include="src">
      <UniqueIdentifier>{4b59562e-6a10-40fe-905f-fec7ef5009c8}</UniqueIdentifier>
    </Filter>
    <Filter Include="src\Rendering">
      <UniqueIdentifier>{74790610-5a3f-4ede-8ce4-0e4bc879f7e7}</UniqueIdentifier>
    </Filter>
    <Filter Include="src\Algorithms">
      <UniqueIdentifier>{31d0ceb7-ce8b-4ff3-b7e3-7f37fd5c4be2}</UniqueIdentifier>
    </Filter>
    <Filter Include="src\Algorithms\Lists">
      <UniqueIdentifier>{461d486a-30b7-49d5-b3d6-23df3e518fc8}</UniqueIdentifier>
    </Filter>
  </ItemGroup>
  <ItemGroup>
    <ClCompile Include="src\main.cpp">
      <Filter>src</Filter>
    </ClCompile>
    <ClCompile Include="src\Algorithms\Lists\BubbleSort.cpp">
      <Filter>src\Algorithms\Lists</Filter>
    </ClCompile>
    <ClCompile Include="src\Rendering\Visualizers\ListSortVisualizer.cpp" />
    <ClCompile Include="src\Rendering\Animation.cpp" />
    <ClCompile Include="src\Rendering\Visualizers\VisualizerBase.cpp" />
  </ItemGroup>
  <ItemGroup>
    <ClInclude Include="src\Algorithms\IAlgBase.h">
      <Filter>src\Algorithms</Filter>
    </ClInclude>
    <ClInclude Include="src\Algorithms\Lists\ListSortBase.h">
      <Filter>src\Algorithms\Lists</Filter>
    </ClInclude>
    <ClInclude Include="src\Algorithms\Lists\BubbleSort.h">
      <Filter>src\Algorithms\Lists</Filter>
    </ClInclude>
    <ClInclude Include="src\Rendering\Visualizers\ListSortVisualizer.h">
      <Filter>src\Rendering</Filter>
    </ClInclude>
    <ClInclude Include="src\Rendering\Visualizers\VisualizerBase.h" />
    <ClInclude Include="src\Rendering\Animation.h" />
  </ItemGroup>
</Project>